
Microsoft Visual Studio Solution File, Format Version 12.00
# Visual Studio 15
VisualStudioVersion = 15.0.27428.2005
MinimumVisualStudioVersion = 10.0.40219.1
Project("{FAE04EC0-301F-11D3-BF4B-00C04F79EFBC}") = "ToDoTask", "ToDoTask\ToDoTask.csproj", "{4004E65E-321F-4D5B-9976-F82E4DD84E12}"
EndProject
Global
	GlobalSection(SolutionConfigurationPlatforms) = preSolution
		Debug|Any CPU = Debug|Any CPU
		Release|Any CPU = Release|Any CPU
	EndGlobalSection
	GlobalSection(ProjectConfigurationPlatforms) = postSolution
		{4004E65E-321F-4D5B-9976-F82E4DD84E12}.Debug|Any CPU.ActiveCfg = Debug|Any CPU
		{4004E65E-321F-4D5B-9976-F82E4DD84E12}.Debug|Any CPU.Build.0 = Debug|Any CPU
		{4004E65E-321F-4D5B-9976-F82E4DD84E12}.Release|Any CPU.ActiveCfg = Release|Any CPU
		{4004E65E-321F-4D5B-9976-F82E4DD84E12}.Release|Any CPU.Build.0 = Release|Any CPU
	EndGlobalSection
	GlobalSection(SolutionProperties) = preSolution
		HideSolutionNode = FALSE
	EndGlobalSection
	GlobalSection(ExtensibilityGlobals) = postSolution
		SolutionGuid = {41AE9F24-4CB4-4EF2-9950-77CDF7FC8F99}
	EndGlobalSection
EndGlobal
